
Microsoft Visual Studio Solution File, Format Version 12.00
# Visual Studio Version 17
VisualStudioVersion = 17.8.34525.116
MinimumVisualStudioVersion = 10.0.40219.1
Project("{9A19103F-16F7-4668-BE54-9A1E7A4F7556}") = "ST10140587_Prog6212_Part2", "ST10140587_Prog6212_Part2.csproj", "{148BBDC7-3ED1-4BE1-BCFB-F2C809C3E7FA}"
EndProject
Project("{FAE04EC0-301F-11D3-BF4B-00C04F79EFBC}") = "ST10140587_UnitTests", "..\ST10140587_UnitTests\ST10140587_UnitTests.csproj", "{817B197E-71E8-4592-9DA6-2A7E2D8350C7}"
EndProject
Global
	GlobalSection(SolutionConfigurationPlatforms) = preSolution
		Debug|Any CPU = Debug|Any CPU
		Release|Any CPU = Release|Any CPU
	EndGlobalSection
	GlobalSection(ProjectConfigurationPlatforms) = postSolution
		{148BBDC7-3ED1-4BE1-BCFB-F2C809C3E7FA}.Debug|Any CPU.ActiveCfg = Debug|Any CPU
		{148BBDC7-3ED1-4BE1-BCFB-F2C809C3E7FA}.Debug|Any CPU.Build.0 = Debug|Any CPU
		{148BBDC7-3ED1-4BE1-BCFB-F2C809C3E7FA}.Release|Any CPU.ActiveCfg = Release|Any CPU
		{148BBDC7-3ED1-4BE1-BCFB-F2C809C3E7FA}.Release|Any CPU.Build.0 = Release|Any CPU
		{817B197E-71E8-4592-9DA6-2A7E2D8350C7}.Debug|Any CPU.ActiveCfg = Debug|Any CPU
		{817B197E-71E8-4592-9DA6-2A7E2D8350C7}.Debug|Any CPU.Build.0 = Debug|Any CPU
		{817B197E-71E8-4592-9DA6-2A7E2D8350C7}.Release|Any CPU.ActiveCfg = Release|Any CPU
		{817B197E-71E8-4592-9DA6-2A7E2D8350C7}.Release|Any CPU.Build.0 = Release|Any CPU
	EndGlobalSection
	GlobalSection(SolutionProperties) = preSolution
		HideSolutionNode = FALSE
	EndGlobalSection
	GlobalSection(ExtensibilityGlobals) = postSolution
		SolutionGuid = {861F3400-8A51-4E32-82A4-78097B6B59BE}
	EndGlobalSection
EndGlobal
